
Microsoft Visual Studio Solution File, Format Version 12.00
# Visual Studio Version 17
VisualStudioVersion = 17.11.35327.3
MinimumVisualStudioVersion = 10.0.40219.1
Project("{FAE04EC0-301F-11D3-BF4B-00C04F79EFBC}") = "PruebaTecnicaLuisVelezAPI", "PruebaTecnicaLuisVelezAPI.csproj", "{A9D90D27-5D0B-4963-884E-C62304FAB3EF}"
EndProject
Global
	GlobalSection(SolutionConfigurationPlatforms) = preSolution
		Debug|Any CPU = Debug|Any CPU
		Release|Any CPU = Release|Any CPU
	EndGlobalSection
	GlobalSection(ProjectConfigurationPlatforms) = postSolution
		{A9D90D27-5D0B-4963-884E-C62304FAB3EF}.Debug|Any CPU.ActiveCfg = Debug|Any CPU
		{A9D90D27-5D0B-4963-884E-C62304FAB3EF}.Debug|Any CPU.Build.0 = Debug|Any CPU
		{A9D90D27-5D0B-4963-884E-C62304FAB3EF}.Release|Any CPU.ActiveCfg = Release|Any CPU
		{A9D90D27-5D0B-4963-884E-C62304FAB3EF}.Release|Any CPU.Build.0 = Release|Any CPU
	EndGlobalSection
	GlobalSection(SolutionProperties) = preSolution
		HideSolutionNode = FALSE
	EndGlobalSection
	GlobalSection(ExtensibilityGlobals) = postSolution
		SolutionGuid = {44748924-D66C-45A0-BA0B-FA4CD767AE63}
	EndGlobalSection
EndGlobal
